
Microsoft Visual Studio Solution File, Format Version 12.00
# Visual Studio Version 17
VisualStudioVersion = 17.9.34622.214
MinimumVisualStudioVersion = 10.0.40219.1
Project("{FAE04EC0-301F-11D3-BF4B-00C04F79EFBC}") = "UserGroupApi", "UserGroupApi\UserGroupApi.csproj", "{288E581F-2991-4FA3-A2C5-E39ADCB78087}"
EndProject
Global
	GlobalSection(SolutionConfigurationPlatforms) = preSolution
		Debug|Any CPU = Debug|Any CPU
		Release|Any CPU = Release|Any CPU
	EndGlobalSection
	GlobalSection(ProjectConfigurationPlatforms) = postSolution
		{288E581F-2991-4FA3-A2C5-E39ADCB78087}.Debug|Any CPU.ActiveCfg = Debug|Any CPU
		{288E581F-2991-4FA3-A2C5-E39ADCB78087}.Debug|Any CPU.Build.0 = Debug|Any CPU
		{288E581F-2991-4FA3-A2C5-E39ADCB78087}.Release|Any CPU.ActiveCfg = Release|Any CPU
		{288E581F-2991-4FA3-A2C5-E39ADCB78087}.Release|Any CPU.Build.0 = Release|Any CPU
	EndGlobalSection
	GlobalSection(SolutionProperties) = preSolution
		HideSolutionNode = FALSE
	EndGlobalSection
	GlobalSection(ExtensibilityGlobals) = postSolution
		SolutionGuid = {DE71DEF9-5CA3-4224-9C99-F248D4182EB9}
	EndGlobalSection
EndGlobal
